
Microsoft Visual Studio Solution File, Format Version 12.00
# Visual Studio Version 17
VisualStudioVersion = 17.3.32811.315
MinimumVisualStudioVersion = 10.0.40219.1
Project("{FAE04EC0-301F-11D3-BF4B-00C04F79EFBC}") = "WebApplicationKK3", "WebApplicationKK3\WebApplicationKK3.csproj", "{4C81440C-95F2-4211-9ECE-6635A0239BDF}"
EndProject
Global
	GlobalSection(SolutionConfigurationPlatforms) = preSolution
		Debug|Any CPU = Debug|Any CPU
		Release|Any CPU = Release|Any CPU
	EndGlobalSection
	GlobalSection(ProjectConfigurationPlatforms) = postSolution
		{4C81440C-95F2-4211-9ECE-6635A0239BDF}.Debug|Any CPU.ActiveCfg = Debug|Any CPU
		{4C81440C-95F2-4211-9ECE-6635A0239BDF}.Debug|Any CPU.Build.0 = Debug|Any CPU
		{4C81440C-95F2-4211-9ECE-6635A0239BDF}.Release|Any CPU.ActiveCfg = Release|Any CPU
		{4C81440C-95F2-4211-9ECE-6635A0239BDF}.Release|Any CPU.Build.0 = Release|Any CPU
	EndGlobalSection
	GlobalSection(SolutionProperties) = preSolution
		HideSolutionNode = FALSE
	EndGlobalSection
	GlobalSection(ExtensibilityGlobals) = postSolution
		SolutionGuid = {68E98277-A4E6-449F-908B-985A97B82817}
	EndGlobalSection
EndGlobal
